
Microsoft Visual Studio Solution File, Format Version 12.00
# Visual Studio Version 17
VisualStudioVersion = 17.8.34316.72
MinimumVisualStudioVersion = 10.0.40219.1
Project("{FAE04EC0-301F-11D3-BF4B-00C04F79EFBC}") = "BlazorDI", "BlazorDI\BlazorDI.csproj", "{023C1E7B-4578-483F-BF03-C9F61A3C7CD0}"
EndProject
Global
	GlobalSection(SolutionConfigurationPlatforms) = preSolution
		Debug|Any CPU = Debug|Any CPU
		Release|Any CPU = Release|Any CPU
	EndGlobalSection
	GlobalSection(ProjectConfigurationPlatforms) = postSolution
		{023C1E7B-4578-483F-BF03-C9F61A3C7CD0}.Debug|Any CPU.ActiveCfg = Debug|Any CPU
		{023C1E7B-4578-483F-BF03-C9F61A3C7CD0}.Debug|Any CPU.Build.0 = Debug|Any CPU
		{023C1E7B-4578-483F-BF03-C9F61A3C7CD0}.Release|Any CPU.ActiveCfg = Release|Any CPU
		{023C1E7B-4578-483F-BF03-C9F61A3C7CD0}.Release|Any CPU.Build.0 = Release|Any CPU
	EndGlobalSection
	GlobalSection(SolutionProperties) = preSolution
		HideSolutionNode = FALSE
	EndGlobalSection
	GlobalSection(ExtensibilityGlobals) = postSolution
		SolutionGuid = {C2FD2701-A043-426A-AB11-E8EE7EE94C64}
	EndGlobalSection
EndGlobal
